
Microsoft Visual Studio Solution File, Format Version 12.00
# Visual Studio 15
VisualStudioVersion = 15.0.27428.1
MinimumVisualStudioVersion = 10.0.40219.1
Project("{FAE04EC0-301F-11D3-BF4B-00C04F79EFBC}") = "算法13", "算法13\算法13.csproj", "{DCDD8361-F391-46CD-8D51-32254382F4B7}"
EndProject
Global
	GlobalSection(SolutionConfigurationPlatforms) = preSolution
		Debug|Any CPU = Debug|Any CPU
		Release|Any CPU = Release|Any CPU
	EndGlobalSection
	GlobalSection(ProjectConfigurationPlatforms) = postSolution
		{DCDD8361-F391-46CD-8D51-32254382F4B7}.Debug|Any CPU.ActiveCfg = Debug|Any CPU
		{DCDD8361-F391-46CD-8D51-32254382F4B7}.Debug|Any CPU.Build.0 = Debug|Any CPU
		{DCDD8361-F391-46CD-8D51-32254382F4B7}.Release|Any CPU.ActiveCfg = Release|Any CPU
		{DCDD8361-F391-46CD-8D51-32254382F4B7}.Release|Any CPU.Build.0 = Release|Any CPU
	EndGlobalSection
	GlobalSection(SolutionProperties) = preSolution
		HideSolutionNode = FALSE
	EndGlobalSection
	GlobalSection(ExtensibilityGlobals) = postSolution
		SolutionGuid = {E068DAA0-8136-44B1-93D5-D15462AABE5D}
	EndGlobalSection
EndGlobal
